{
    "_readme": [
        "This file locks the dependencies of your project to a known state",
        "Read more about it at https://getcomposer.org/doc/01-basic-usage.md#composer-lock-the-lock-file",
        "This file is @generated automatically"
    ],
    "hash": "f519d149805ccbf139b0a05af249ebcf",
    "content-hash": "6d76a895be45173b09f279d3e3454295",
    "packages": [
        {
            "name": "composer/installers",
            "version": "v1.2.0",
            "source": {
                "type": "git",
                "url": "https://github.com/composer/installers.git",
                "reference": "d78064c68299743e0161004f2de3a0204e33b804"
            },
            "dist": {
                "type": "zip",
                "url": "https://api.github.com/repos/composer/installers/zipball/d78064c68299743e0161004f2de3a0204e33b804",
                "reference": "d78064c68299743e0161004f2de3a0204e33b804",
                "shasum": ""
            },
            "require": {
                "composer-plugin-api": "^1.0"
            },
            "replace": {
                "roundcube/plugin-installer": "*",
                "shama/baton": "*"
            },
            "require-dev": {
                "composer/composer": "1.0.*@dev",
                "phpunit/phpunit": "4.1.*"
            },
            "type": "composer-plugin",
            "extra": {
                "class": "Composer\\Installers\\Plugin",
                "branch-alias": {
                    "dev-master": "1.0-dev"
                }
            },
            "autoload": {
                "psr-4": {
                    "Composer\\Installers\\": "src/Composer/Installers"
                }
            },
            "notification-url": "https://packagist.org/downloads/",
            "license": [
                "MIT"
            ],
            "authors": [
                {
                    "name": "Kyle Robinson Young",
                    "email": "kyle@dontkry.com",
                    "homepage": "https://github.com/shama"
                }
            ],
            "description": "A multi-framework Composer library installer",
            "homepage": "https://composer.github.io/installers/",
            "keywords": [
                "Craft",
                "Dolibarr",
                "Hurad",
                "ImageCMS",
                "MODX Evo",
                "Mautic",
                "OXID",
                "Plentymarkets",
                "RadPHP",
                "SMF",
                "Thelia",
                "WolfCMS",
                "agl",
                "aimeos",
                "annotatecms",
                "attogram",
                "bitrix",
                "cakephp",
                "chef",
                "cockpit",
                "codeigniter",
                "concrete5",
                "croogo",
                "dokuwiki",
                "drupal",
                "elgg",
                "expressionengine",
                "fuelphp",
                "grav",
                "installer",
                "joomla",
                "kohana",
                "laravel",
                "lithium",
                "magento",
                "mako",
                "mediawiki",
                "modulework",
                "moodle",
                "phpbb",
                "piwik",
                "ppi",
                "puppet",
                "reindex",
                "roundcube",
                "shopware",
                "silverstripe",
                "symfony",
                "typo3",
                "wordpress",
                "yawik",
                "zend",
                "zikula"
            ],
            "time": "2016-08-13 20:53:52"
        },
        {
            "name": "derhasi/composer-preserve-paths",
            "version": "0.1.3",
            "source": {
                "type": "git",
                "url": "https://github.com/derhasi/composer-preserve-paths.git",
                "reference": "e10d7acbc84df0d58faf2470049f53c97a4a1503"
            },
            "dist": {
                "type": "zip",
                "url": "https://api.github.com/repos/derhasi/composer-preserve-paths/zipball/e10d7acbc84df0d58faf2470049f53c97a4a1503",
                "reference": "e10d7acbc84df0d58faf2470049f53c97a4a1503",
                "shasum": ""
            },
            "require": {
                "composer-plugin-api": "^1.0"
            },
            "require-dev": {
                "composer/composer": "1.0.*@dev",
                "derhasi/tempdirectory": "0.1.*",
                "phpunit/phpunit": "4.4.*"
            },
            "type": "composer-plugin",
            "extra": {
                "class": "derhasi\\Composer\\Plugin"
            },
            "autoload": {
                "psr-4": {
                    "derhasi\\Composer\\": "src/"
                }
            },
            "notification-url": "https://packagist.org/downloads/",
            "license": [
                "GPL-2.0+"
            ],
            "authors": [
                {
                    "name": "Johannes Haseitl",
                    "email": "johannes@undpaul.de",
                    "homepage": "http://www.undpaul.de"
                }
            ],
            "description": "Composer plugin for preserving custom paths and supporting nested packages",
            "homepage": "https://github.com/derhasi/composer-preserve-paths",
            "keywords": [
                "composer-plugin",
                "custom path",
                "installer",
                "nested package"
            ],
            "time": "2015-10-20 13:44:48"
        },
        {
            "name": "drupal/admin_menu",
            "version": "7.3.0-rc5",
            "source": {
                "type": "git",
                "url": "https://git.drupal.org/project/admin_menu",
                "reference": "59a4fe3d4da5a80dd6abec5873a9930ccfb15c17"
            },
            "dist": {
                "type": "zip",
                "url": "https://ftp.drupal.org/files/projects/admin_menu-7.x-3.0-rc5.zip",
                "reference": null,
                "shasum": null
            },
            "require": {
                "drupal/drupal": "7.*",
                "drupal/system": ">7.10.0"
            },
            "replace": {
                "drupal/admin_devel": "self.version",
                "drupal/admin_menu_toolbar": "self.version"
            },
            "type": "drupal-module",
            "extra": {
                "branch-alias": {
                    "dev-7.x-3.x": "7.3.x-dev"
                }
            },
            "notification-url": "https://packagist.drupal-composer.org/downloads/",
            "license": [
                "GPL-2.0+"
            ],
            "description": "Provides a dropdown menu to most administrative tasks and other common destinations (to users with the proper permissions).",
            "homepage": "https://www.drupal.org/project/admin_menu",
            "time": "2014-12-19 21:59:50"
        },
        {
            "name": "drupal/ctools",
            "version": "7.1.11",
            "source": {
                "type": "git",
                "url": "https://git.drupal.org/project/ctools",
                "reference": "066772fe2c933e36257dc1f26650d67705ddb296"
            },
            "dist": {
                "type": "zip",
                "url": "https://ftp.drupal.org/files/projects/ctools-7.x-1.11.zip",
                "reference": "066772fe2c933e36257dc1f26650d67705ddb296",
                "shasum": null
            },
            "require": {
                "drupal/drupal": "7.*"
            },
            "replace": {
                "drupal/bulk_export": "self.version",
                "drupal/ctools_access_ruleset": "self.version",
                "drupal/ctools_ajax_sample": "self.version",
                "drupal/ctools_custom_content": "self.version",
                "drupal/ctools_plugin_example": "self.version",
                "drupal/page_manager": "self.version",
                "drupal/stylizer": "self.version",
                "drupal/term_depth": "self.version",
                "drupal/views_content": "self.version"
            },
            "suggest": {
                "drupal/advanced_help": "Required by drupal/ctools_plugin_example",
                "drupal/color": "Required by drupal/stylizer",
                "drupal/page_manager": "Required by drupal/ctools_plugin_example",
                "drupal/panels": "Required by drupal/ctools_plugin_example",
                "drupal/views": "Required by drupal/views_content"
            },
            "type": "drupal-module",
            "extra": {
                "branch-alias": {
                    "dev-7.x-1.x": "7.1.x-dev"
                }
            },
            "notification-url": "https://packagist.drupal-composer.org/downloads/",
            "license": [
                "GPL-2.0+"
            ],
            "description": "A library of helpful tools by Merlin of Chaos.",
            "homepage": "https://www.drupal.org/project/ctools",
            "time": "2016-10-16 01:26:59"
        },
        {
            "name": "drupal/date",
            "version": "7.2.9",
            "source": {
                "type": "git",
                "url": "https://git.drupal.org/project/date",
                "reference": "e37620a69f76354a7f87dff47ed4010da891d105"
            },
            "dist": {
                "type": "zip",
                "url": "https://ftp.drupal.org/files/projects/date-7.x-2.9.zip",
                "reference": null,
                "shasum": null
            },
            "require": {
                "drupal/drupal": "7.*"
            },
            "replace": {
                "drupal/date_all_day": "self.version",
                "drupal/date_api": "self.version",
                "drupal/date_context": "self.version",
                "drupal/date_migrate": "self.version",
                "drupal/date_migrate_example": "self.version",
                "drupal/date_popup": "self.version",
                "drupal/date_repeat": "self.version",
                "drupal/date_repeat_field": "self.version",
                "drupal/date_tools": "self.version",
                "drupal/date_views": "self.version"
            },
            "suggest": {
                "drupal/context": "Required by drupal/date_context",
                "drupal/date_api": "Required by drupal/date_all_day, drupal/date_popup, drupal/date_repeat, drupal/date_repeat_field, drupal/date_views",
                "drupal/date_repeat": "Required by drupal/date_migrate_example, drupal/date_repeat_field",
                "drupal/date_repeat_field": "Required by drupal/date_migrate_example",
                "drupal/features": "Required by drupal/date_migrate_example",
                "drupal/migrate": "Required by drupal/date_migrate_example",
                "drupal/views": "Required by drupal/date_views"
            },
            "type": "drupal-module",
            "extra": {
                "branch-alias": {
                    "dev-7.x-2.x": "7.2.x-dev"
                }
            },
            "notification-url": "https://packagist.drupal-composer.org/downloads/",
            "license": [
                "GPL-2.0+"
            ],
            "description": "Makes date/time fields available.",
            "homepage": "https://www.drupal.org/project/date",
            "time": "2015-09-07 10:33:19"
        },
        {
            "name": "drupal/drupal",
            "version": "7.51.0",
            "source": {
                "type": "git",
                "url": "https://git.drupal.org/project/drupal",
                "reference": "ad47f9848e61f770fd1971706966fbfd791845bf"
            },
            "dist": {
                "type": "zip",
                "url": "https://ftp.drupal.org/files/projects/drupal-7.51.zip",
                "reference": "ad47f9848e61f770fd1971706966fbfd791845bf",
                "shasum": null
            },
            "replace": {
                "drupal/aggregator": "self.version",
                "drupal/bartik": "self.version",
                "drupal/block": "self.version",
                "drupal/blog": "self.version",
                "drupal/book": "self.version",
                "drupal/color": "self.version",
                "drupal/comment": "self.version",
                "drupal/contact": "self.version",
                "drupal/contextual": "self.version",
                "drupal/dashboard": "self.version",
                "drupal/dblog": "self.version",
                "drupal/field": "self.version",
                "drupal/field_sql_storage": "self.version",
                "drupal/field_ui": "self.version",
                "drupal/file": "self.version",
                "drupal/filter": "self.version",
                "drupal/forum": "self.version",
                "drupal/garland": "self.version",
                "drupal/help": "self.version",
                "drupal/image": "self.version",
                "drupal/list": "self.version",
                "drupal/locale": "self.version",
                "drupal/menu": "self.version",
                "drupal/minimal": "self.version",
                "drupal/node": "self.version",
                "drupal/number": "self.version",
                "drupal/openid": "self.version",
                "drupal/options": "self.version",
                "drupal/overlay": "self.version",
                "drupal/path": "self.version",
                "drupal/php": "self.version",
                "drupal/poll": "self.version",
                "drupal/profile": "self.version",
                "drupal/rdf": "self.version",
                "drupal/search": "self.version",
                "drupal/seven": "self.version",
                "drupal/shortcut": "self.version",
                "drupal/standard": "self.version",
                "drupal/stark": "self.version",
                "drupal/statistics": "self.version",
                "drupal/syslog": "self.version",
                "drupal/system": "self.version",
                "drupal/taxonomy": "self.version",
                "drupal/text": "self.version",
                "drupal/toolbar": "self.version",
                "drupal/tracker": "self.version",
                "drupal/translation": "self.version",
                "drupal/trigger": "self.version",
                "drupal/update": "self.version",
                "drupal/user": "self.version"
            },
            "suggest": {
                "drupal/block": "Required by drupal/dashboard, drupal/minimal, drupal/standard",
                "drupal/color": "Required by drupal/standard",
                "drupal/comment": "Required by drupal/forum, drupal/tracker, drupal/standard",
                "drupal/contextual": "Required by drupal/standard",
                "drupal/dashboard": "Required by drupal/standard",
                "drupal/dblog": "Required by drupal/minimal, drupal/standard",
                "drupal/field": "Required by drupal/field_sql_storage, drupal/list, drupal/number, drupal/options, drupal/text, drupal/field_ui, drupal/file",
                "drupal/field_sql_storage": "Required by drupal/field",
                "drupal/field_ui": "Required by drupal/standard",
                "drupal/file": "Required by drupal/image, drupal/standard",
                "drupal/help": "Required by drupal/standard",
                "drupal/image": "Required by drupal/standard",
                "drupal/list": "Required by drupal/standard",
                "drupal/locale": "Required by drupal/translation",
                "drupal/menu": "Required by drupal/standard",
                "drupal/number": "Required by drupal/standard",
                "drupal/options": "Required by drupal/list, drupal/taxonomy, drupal/standard",
                "drupal/overlay": "Required by drupal/standard",
                "drupal/path": "Required by drupal/standard",
                "drupal/rdf": "Required by drupal/standard",
                "drupal/search": "Required by drupal/standard",
                "drupal/shortcut": "Required by drupal/standard",
                "drupal/taxonomy": "Required by drupal/forum, drupal/standard",
                "drupal/text": "Required by drupal/comment",
                "drupal/toolbar": "Required by drupal/standard"
            },
            "type": "drupal-core",
            "extra": {
                "branch-alias": {
                    "dev-7.x-": "7.x-dev"
                }
            },
            "notification-url": "https://packagist.drupal-composer.org/downloads/",
            "license": [
                "GPL-2.0+"
            ],
            "description": "Handles general site configuration for administrators.",
            "homepage": "https://www.drupal.org/project/drupal",
            "time": "2016-10-05 18:45:42"
        },
        {
            "name": "drupal/email",
            "version": "7.1.3",
            "source": {
                "type": "git",
                "url": "https://git.drupal.org/project/email",
                "reference": "25dd1a4e3cf1efd2606874909b42c79d4fffcc84"
            },
            "dist": {
                "type": "zip",
                "url": "https://ftp.drupal.org/files/projects/email-7.x-1.3.zip",
                "reference": null,
                "shasum": null
            },
            "require": {
                "drupal/drupal": "7.*"
            },
            "type": "drupal-module",
            "extra": {
                "branch-alias": {
                    "dev-7.x-1.x": "7.1.x-dev"
                }
            },
            "notification-url": "https://packagist.drupal-composer.org/downloads/",
            "license": [
                "GPL-2.0+"
            ],
            "description": "Defines an email field type.",
            "homepage": "https://www.drupal.org/project/email",
            "time": "2014-04-10 12:41:03"
        },
        {
            "name": "drupal/entity",
            "version": "7.1.8",
            "source": {
                "type": "git",
                "url": "https://git.drupal.org/project/entity",
                "reference": "1fa8f2dcb25ab26904c3d910399eaf23e17232bc"
            },
            "dist": {
                "type": "zip",
                "url": "https://ftp.drupal.org/files/projects/entity-7.x-1.8.zip",
                "reference": "1fa8f2dcb25ab26904c3d910399eaf23e17232bc",
                "shasum": null
            },
            "require": {
                "drupal/drupal": "7.*"
            },
            "replace": {
                "drupal/entity_token": "self.version"
            },
            "type": "drupal-module",
            "extra": {
                "branch-alias": {
                    "dev-7.x-1.x": "7.1.x-dev"
                }
            },
            "notification-url": "https://packagist.drupal-composer.org/downloads/",
            "license": [
                "GPL-2.0+"
            ],
            "description": "Enables modules to work with any entity type and to provide entities.",
            "homepage": "https://www.drupal.org/project/entity",
            "time": "2016-03-17 17:02:49"
        },
        {
            "name": "drupal/entityreference",
            "version": "7.1.2",
            "source": {
                "type": "git",
                "url": "https://git.drupal.org/project/entityreference",
                "reference": "56ae458565c6e803bc38f6eb668687d46e87aed9"
            },
            "dist": {
                "type": "zip",
                "url": "https://ftp.drupal.org/files/projects/entityreference-7.x-1.2.zip",
                "reference": null,
                "shasum": null
            },
            "require": {
                "drupal/ctools": "7.*",
                "drupal/drupal": "7.*",
                "drupal/entity": "7.*"
            },
            "replace": {
                "drupal/entityreference_behavior_example": "self.version"
            },
            "type": "drupal-module",
            "extra": {
                "branch-alias": {
                    "dev-7.x-1.x": "7.1.x-dev"
                }
            },
            "notification-url": "https://packagist.drupal-composer.org/downloads/",
            "license": [
                "GPL-2.0+"
            ],
            "description": "Provides a field that can reference other entities.",
            "homepage": "https://www.drupal.org/project/entityreference",
            "time": "2016-09-19 17:27:48"
        },
        {
            "name": "drupal/field_collection",
            "version": "7.1.0-beta11",
            "source": {
                "type": "git",
                "url": "https://git.drupal.org/project/field_collection",
                "reference": "ec024e5cfb5308bce4d10756683a8cd3fa881b8f"
            },
            "dist": {
                "type": "zip",
                "url": "https://ftp.drupal.org/files/projects/field_collection-7.x-1.0-beta11.zip",
                "reference": null,
                "shasum": null
            },
            "require": {
                "drupal/drupal": "7.*",
                "drupal/entity": "7.*"
            },
            "type": "drupal-module",
            "extra": {
                "branch-alias": {
                    "dev-7.x-1.x": "7.1.x-dev"
                }
            },
            "notification-url": "https://packagist.drupal-composer.org/downloads/",
            "license": [
                "GPL-2.0+"
            ],
            "description": "Provides a field collection field, to which any number of fields can be attached.",
            "homepage": "https://www.drupal.org/project/field_collection",
            "time": "2015-10-22 19:51:03"
        },
        {
            "name": "drupal/jquery_update",
            "version": "7.2.7",
            "source": {
                "type": "git",
                "url": "https://git.drupal.org/project/jquery_update",
                "reference": "b622885f942ef212f51981d1c88b57aef0c2dfa5"
            },
            "dist": {
                "type": "zip",
                "url": "https://ftp.drupal.org/files/projects/jquery_update-7.x-2.7.zip",
                "reference": null,
                "shasum": null
            },
            "require": {
                "drupal/drupal": "7.*"
            },
            "type": "drupal-module",
            "extra": {
                "branch-alias": {
                    "dev-7.x-2.x": "7.2.x-dev"
                }
            },
            "notification-url": "https://packagist.drupal-composer.org/downloads/",
            "license": [
                "GPL-2.0+"
            ],
            "description": "Update jQuery and jQuery UI to a more recent version.",
            "homepage": "https://www.drupal.org/project/jquery_update",
            "time": "2015-10-20 22:18:12"
        },
        {
            "name": "drupal/link",
            "version": "7.1.4",
            "source": {
                "type": "git",
                "url": "https://git.drupal.org/project/link",
                "reference": "3cfdc1848d00dc5d5a7b2e9e9b7e85a04fdbe9f5"
            },
            "dist": {
                "type": "zip",
                "url": "https://ftp.drupal.org/files/projects/link-7.x-1.4.zip",
                "reference": null,
                "shasum": null
            },
            "require": {
                "drupal/drupal": "7.*"
            },
            "type": "drupal-module",
            "extra": {
                "branch-alias": {
                    "dev-7.x-1.x": "7.1.x-dev"
                }
            },
            "notification-url": "https://packagist.drupal-composer.org/downloads/",
            "license": [
                "GPL-2.0+"
            ],
            "description": "Defines simple link field types.",
            "homepage": "https://www.drupal.org/project/link",
            "time": "2015-12-09 22:02:04"
        },
        {
            "name": "drupal/pathauto",
            "version": "7.1.3",
            "source": {
                "type": "git",
                "url": "https://git.drupal.org/project/pathauto",
                "reference": "88db3ee74ddf62eab54e12347955dd2f6dd66737"
            },
            "dist": {
                "type": "zip",
                "url": "https://ftp.drupal.org/files/projects/pathauto-7.x-1.3.zip",
                "reference": null,
                "shasum": null
            },
            "require": {
                "drupal/drupal": "7.*",
                "drupal/path": "7.*",
                "drupal/token": "7.*"
            },
            "type": "drupal-module",
            "extra": {
                "branch-alias": {
                    "dev-7.x-1.x": "7.1.x-dev"
                }
            },
            "notification-url": "https://packagist.drupal-composer.org/downloads/",
            "license": [
                "GPL-2.0+"
            ],
            "description": "Provides a mechanism for modules to automatically generate aliases for the content they manage.",
            "homepage": "https://www.drupal.org/project/pathauto",
            "time": "2015-10-01 18:37:04"
        },
        {
            "name": "drupal/token",
            "version": "7.1.6",
            "source": {
                "type": "git",
                "url": "https://git.drupal.org/project/token",
                "reference": "6019b9e657cfe6a919e8e717c52e4e07bd94dab0"
            },
            "dist": {
                "type": "zip",
                "url": "https://ftp.drupal.org/files/projects/token-7.x-1.6.zip",
                "reference": null,
                "shasum": null
            },
            "require": {
                "drupal/drupal": "7.*"
            },
            "type": "drupal-module",
            "extra": {
                "branch-alias": {
                    "dev-7.x-1.x": "7.1.x-dev"
                }
            },
            "notification-url": "https://packagist.drupal-composer.org/downloads/",
            "license": [
                "GPL-2.0+"
            ],
            "description": "Provides a user interface for the Token API and some missing core tokens.",
            "homepage": "https://www.drupal.org/project/token",
            "time": "2015-02-28 15:55:47"
        },
        {
            "name": "drupal/views",
            "version": "7.3.14",
            "source": {
                "type": "git",
                "url": "https://git.drupal.org/project/views",
                "reference": "485b697082cf2ec42cc596eed952daa6f61e8012"
            },
            "dist": {
                "type": "zip",
                "url": "https://ftp.drupal.org/files/projects/views-7.x-3.14.zip",
                "reference": null,
                "shasum": null
            },
            "require": {
                "drupal/ctools": "7.*",
                "drupal/drupal": "7.*"
            },
            "replace": {
                "drupal/views_ui": "self.version"
            },
            "type": "drupal-module",
            "extra": {
                "branch-alias": {
                    "dev-7.x-3.x": "7.3.x-dev"
                }
            },
            "notification-url": "https://packagist.drupal-composer.org/downloads/",
            "license": [
                "GPL-2.0+"
            ],
            "description": "Create customized lists and queries from your database.",
            "homepage": "https://www.drupal.org/project/views",
            "time": "2016-06-15 19:37:02"
        }
    ],
    "packages-dev": [],
    "aliases": [],
    "minimum-stability": "dev",
    "stability-flags": {
        "drupal/field_collection": 10,
        "drupal/admin_menu": 5
    },
    "prefer-stable": true,
    "prefer-lowest": false,
    "platform": [],
    "platform-dev": []
}
